
Microsoft Visual Studio Solution File, Format Version 12.00
# Visual Studio Version 17
VisualStudioVersion = 17.9.34701.34
MinimumVisualStudioVersion = 10.0.40219.1
Project("{FAE04EC0-301F-11D3-BF4B-00C04F79EFBC}") = "Meyawo", "Meyawo\Meyawo.csproj", "{3503DA61-B95F-43E6-BAA6-78188EA154F4}"
EndProject
Global
	GlobalSection(SolutionConfigurationPlatforms) = preSolution
		Debug|Any CPU = Debug|Any CPU
		Release|Any CPU = Release|Any CPU
	EndGlobalSection
	GlobalSection(ProjectConfigurationPlatforms) = postSolution
		{3503DA61-B95F-43E6-BAA6-78188EA154F4}.Debug|Any CPU.ActiveCfg = Debug|Any CPU
		{3503DA61-B95F-43E6-BAA6-78188EA154F4}.Debug|Any CPU.Build.0 = Debug|Any CPU
		{3503DA61-B95F-43E6-BAA6-78188EA154F4}.Release|Any CPU.ActiveCfg = Release|Any CPU
		{3503DA61-B95F-43E6-BAA6-78188EA154F4}.Release|Any CPU.Build.0 = Release|Any CPU
	EndGlobalSection
	GlobalSection(SolutionProperties) = preSolution
		HideSolutionNode = FALSE
	EndGlobalSection
	GlobalSection(ExtensibilityGlobals) = postSolution
		SolutionGuid = {442CC8ED-D984-4B8A-A260-510F96EEB0BC}
	EndGlobalSection
EndGlobal
